
Microsoft Visual Studio Solution File, Format Version 12.00
# Visual Studio 2015
Project("{FAE04EC0-301F-11D3-BF4B-00C04F79EFBC}") = "NetworkingProject", "NetworkingProject.csproj", "{9DA23504-7CBC-A55C-C793-E4DA52EB18B6}"
EndProject
Project("{FAE04EC0-301F-11D3-BF4B-00C04F79EFBC}") = "NetworkingProject.Editor", "NetworkingProject.Editor.csproj", "{2E26A1A1-BB33-1510-6EB2-8AB5F6BB3C70}"
EndProject
Global
	GlobalSection(SolutionConfigurationPlatforms) = preSolution
		Debug|Any CPU = Debug|Any CPU
		Release|Any CPU = Release|Any CPU
	EndGlobalSection
	GlobalSection(ProjectConfigurationPlatforms) = postSolution
		{9DA23504-7CBC-A55C-C793-E4DA52EB18B6}.Debug|Any CPU.ActiveCfg = Debug|Any CPU
		{9DA23504-7CBC-A55C-C793-E4DA52EB18B6}.Debug|Any CPU.Build.0 = Debug|Any CPU
		{9DA23504-7CBC-A55C-C793-E4DA52EB18B6}.Release|Any CPU.ActiveCfg = Release|Any CPU
		{9DA23504-7CBC-A55C-C793-E4DA52EB18B6}.Release|Any CPU.Build.0 = Release|Any CPU
		{2E26A1A1-BB33-1510-6EB2-8AB5F6BB3C70}.Debug|Any CPU.ActiveCfg = Debug|Any CPU
		{2E26A1A1-BB33-1510-6EB2-8AB5F6BB3C70}.Debug|Any CPU.Build.0 = Debug|Any CPU
		{2E26A1A1-BB33-1510-6EB2-8AB5F6BB3C70}.Release|Any CPU.ActiveCfg = Release|Any CPU
		{2E26A1A1-BB33-1510-6EB2-8AB5F6BB3C70}.Release|Any CPU.Build.0 = Release|Any CPU
	EndGlobalSection
	GlobalSection(SolutionProperties) = preSolution
		HideSolutionNode = FALSE
	EndGlobalSection
EndGlobal
